{
  "projects": [
    {
      "projectId": "bL97kH9Dzecu8g2MxMGBSt",
      "version": "latest",
      "dependencies": {},
      "lang": "js",
      "fileLocks": [
        {
          "type": "globalVariant",
          "assetId": "wjkIUuh2R8iq",
          "checksum": "6d6ec2b01db61a348f7f909c2ebc943d"
        },
        {
          "assetId": "bL97kH9Dzecu8g2MxMGBSt",
          "type": "projectCss",
          "checksum": "43214a040fe57e330bd36f4f97389848"
        },
        {
          "type": "renderModule",
          "assetId": "sU9MCIUM6rOv",
          "checksum": "bee39ae7a47f10b3982f17f584b54264"
        },
        {
          "type": "cssRules",
          "assetId": "sU9MCIUM6rOv",
          "checksum": "bee39ae7a47f10b3982f17f584b54264"
        },
        {
          "type": "renderModule",
          "assetId": "EDRR_UWJpEhW",
          "checksum": "f3e83ea7616b90f08d0d158d8200acf4"
        },
        {
          "type": "cssRules",
          "assetId": "EDRR_UWJpEhW",
          "checksum": "f3e83ea7616b90f08d0d158d8200acf4"
        },
        {
          "type": "renderModule",
          "assetId": "WvhVlBnfrFth",
          "checksum": "c0f9096b437514d37747fbf1f7548d70"
        },
        {
          "type": "cssRules",
          "assetId": "WvhVlBnfrFth",
          "checksum": "c0f9096b437514d37747fbf1f7548d70"
        },
        {
          "type": "renderModule",
          "assetId": "cajWlUKm1qYM",
          "checksum": "451f368fb519f82590d83fec88213f65"
        },
        {
          "type": "cssRules",
          "assetId": "cajWlUKm1qYM",
          "checksum": "451f368fb519f82590d83fec88213f65"
        },
        {
          "type": "renderModule",
          "assetId": "FrY64Kg3_uc7",
          "checksum": "0e7637be080fff1f4e9c590a69e8d296"
        },
        {
          "type": "cssRules",
          "assetId": "FrY64Kg3_uc7",
          "checksum": "0e7637be080fff1f4e9c590a69e8d296"
        },
        {
          "type": "renderModule",
          "assetId": "XWbHcDJXryxF",
          "checksum": "3c9bb73ea2b305835fe59ab2c169dc86"
        },
        {
          "type": "cssRules",
          "assetId": "XWbHcDJXryxF",
          "checksum": "3c9bb73ea2b305835fe59ab2c169dc86"
        },
        {
          "type": "renderModule",
          "assetId": "akI3guSsN0EL",
          "checksum": "e3be99023361a0bed0d6745522c3297f"
        },
        {
          "type": "cssRules",
          "assetId": "akI3guSsN0EL",
          "checksum": "e3be99023361a0bed0d6745522c3297f"
        },
        {
          "type": "renderModule",
          "assetId": "zJE6f4pfA7HN",
          "checksum": "986b510bca21558b19e4a0636ed19fe7"
        },
        {
          "type": "cssRules",
          "assetId": "zJE6f4pfA7HN",
          "checksum": "986b510bca21558b19e4a0636ed19fe7"
        },
        {
          "type": "renderModule",
          "assetId": "dQk1N0a__grK",
          "checksum": "4ec945b23e7f33442bda75432ae6bc46"
        },
        {
          "type": "cssRules",
          "assetId": "dQk1N0a__grK",
          "checksum": "4ec945b23e7f33442bda75432ae6bc46"
        },
        {
          "type": "renderModule",
          "assetId": "FBhprGrhReWz",
          "checksum": "6f740bd50a2e98a96587de0e81053765"
        },
        {
          "type": "cssRules",
          "assetId": "FBhprGrhReWz",
          "checksum": "6f740bd50a2e98a96587de0e81053765"
        },
        {
          "type": "renderModule",
          "assetId": "b4PVBEobYmxJ",
          "checksum": "d517d42d73b895b8df1f14888a9ec5bb"
        },
        {
          "type": "cssRules",
          "assetId": "b4PVBEobYmxJ",
          "checksum": "d517d42d73b895b8df1f14888a9ec5bb"
        },
        {
          "type": "renderModule",
          "assetId": "btbWxhGyr1l0",
          "checksum": "753b39df0bea1213ebb0b83c3304980a"
        },
        {
          "type": "cssRules",
          "assetId": "btbWxhGyr1l0",
          "checksum": "753b39df0bea1213ebb0b83c3304980a"
        },
        {
          "type": "renderModule",
          "assetId": "cWU3XAieFy1I",
          "checksum": "b59391483cbd81ebd7f32829c0118ab0"
        },
        {
          "type": "cssRules",
          "assetId": "cWU3XAieFy1I",
          "checksum": "b59391483cbd81ebd7f32829c0118ab0"
        },
        {
          "type": "renderModule",
          "assetId": "EVeOMo2W8vUv",
          "checksum": "173294057d422eee78791844dc73cda4"
        },
        {
          "type": "cssRules",
          "assetId": "EVeOMo2W8vUv",
          "checksum": "173294057d422eee78791844dc73cda4"
        },
        {
          "type": "icon",
          "assetId": "ZnY_XDJ1ZjsN",
          "checksum": "cdd4dde591b0825781df86dd8795e88b"
        },
        {
          "type": "icon",
          "assetId": "QtpPB9TMc1EI",
          "checksum": "753a32330086faaace18f0d77f235146"
        },
        {
          "type": "icon",
          "assetId": "O9O5AMfrefFk",
          "checksum": "f0766c7a96b7cad21328af83980be6ed"
        },
        {
          "type": "icon",
          "assetId": "xp5PWf8132e8",
          "checksum": "7ce7eda9c45bec2e5a978f2db67ff9e1"
        },
        {
          "type": "icon",
          "assetId": "T-JTXcMDzEWg",
          "checksum": "7d73e286240ceffe4a618681ba49ce7a"
        },
        {
          "type": "icon",
          "assetId": "Pu1D64Zn5Vt3",
          "checksum": "6e82685262c35686148346eaec58a455"
        },
        {
          "type": "icon",
          "assetId": "OJqtPL_WfPaS",
          "checksum": "4c4e663bfeb28b9ddf44f3f53137a63d"
        },
        {
          "type": "icon",
          "assetId": "9O8AW7GDA_YC",
          "checksum": "017fc1a47635fbac6856e73d1770ed81"
        },
        {
          "type": "icon",
          "assetId": "IsLW5-7O9gr-",
          "checksum": "a8a6919ca1d3b7a4cfb18d2aed07a178"
        },
        {
          "type": "icon",
          "assetId": "JptUsiOgsW6O",
          "checksum": "4bd69ed718f17df9cf0743b05e3dc3be"
        },
        {
          "type": "icon",
          "assetId": "YVfg7zMTwxeT",
          "checksum": "69afa8acf4d6a4fb06b73a5ac3a3899c"
        },
        {
          "type": "icon",
          "assetId": "wxzE1-ddiboo",
          "checksum": "d237d5e6eade05904ecf17bcdf14c794"
        },
        {
          "type": "icon",
          "assetId": "a02F93s9xA79",
          "checksum": "c42ea3ef8a6a091660d92f43686a3ce2"
        },
        {
          "type": "icon",
          "assetId": "OubbSdzupajN",
          "checksum": "9d44554a4b45265c29dfdde24fead8e5"
        },
        {
          "type": "icon",
          "assetId": "zsjS7TrKns_-",
          "checksum": "4ce621c5bf73a202abe08383c88c3f97"
        },
        {
          "type": "icon",
          "assetId": "uC-x-eZcxd07",
          "checksum": "ebf1a51b84fd77975c023e634e86f15d"
        },
        {
          "type": "icon",
          "assetId": "aw_hx5MHDcHK",
          "checksum": "2b82a8fdc01bc7769067f4450cda9b98"
        },
        {
          "type": "icon",
          "assetId": "gv76RUvWHxh5",
          "checksum": "fa88ad3377a10c24556346c69ccc6196"
        },
        {
          "type": "icon",
          "assetId": "pOFdGY9CLIfP",
          "checksum": "85d855f1b3688e7730643a5ee88b1bac"
        },
        {
          "type": "icon",
          "assetId": "eMZOJ7TiEN_c",
          "checksum": "a9f83d4a38a579c61a5a3a4b1fff5fa8"
        },
        {
          "type": "icon",
          "assetId": "GIhjieRuC-DB",
          "checksum": "fb936053c8cc2abbd01953a04ecb1c52"
        },
        {
          "type": "icon",
          "assetId": "7JOyoRQGqGVQ",
          "checksum": "1037067f40e50d7889c74348333cf9d9"
        },
        {
          "type": "icon",
          "assetId": "BpDEkXxn6xV0",
          "checksum": "5b7630050793863339709223b4731d4f"
        },
        {
          "type": "icon",
          "assetId": "icXeXfeZhCw6",
          "checksum": "2470c97c00c40ac23f9b1ae4eb6b9c1a"
        },
        {
          "type": "icon",
          "assetId": "saAQIvivn_ww",
          "checksum": "d587beb76c5decc074af3c724629d151"
        },
        {
          "type": "icon",
          "assetId": "BKMCJHsDJp4l",
          "checksum": "46d07e678c59b61d84f94bbe408dfde5"
        },
        {
          "type": "icon",
          "assetId": "Zy3lSduZ-VuY",
          "checksum": "4392be00cb756aa57cfe41199bdca76a"
        },
        {
          "type": "icon",
          "assetId": "wOpMUwmXnqf9",
          "checksum": "a631d731ad15dc0a0920667933f1b849"
        },
        {
          "type": "icon",
          "assetId": "0f4zIVtfr_Rj",
          "checksum": "7c9d429bb8d02166abb8f6b78524cf90"
        },
        {
          "type": "icon",
          "assetId": "0qDqf4HUIUmd",
          "checksum": "3d8b81c82f86c95440d6263e5b7e6caf"
        },
        {
          "type": "icon",
          "assetId": "4oKNud5LGNVm",
          "checksum": "08613c6e770f366088fa9f65ffa45f8b"
        },
        {
          "type": "icon",
          "assetId": "6_qpdJ0DRg_D",
          "checksum": "b216fe894bf423a1e74215c653d54938"
        },
        {
          "type": "icon",
          "assetId": "y7qql9fOcYur",
          "checksum": "a7d1eddad37e3d74fdccc79f4e352436"
        },
        {
          "type": "icon",
          "assetId": "7_daYg6RJjVQ",
          "checksum": "14ed8f1f25d76c5449774bb7e312ec6e"
        },
        {
          "type": "image",
          "assetId": "J5glv70YUxUz",
          "checksum": "6c95d54b582a5493d41fdd9185336c0e"
        },
        {
          "type": "image",
          "assetId": "5STW794y6ukk",
          "checksum": "7ea40b92add27251f7be367f63d37402"
        },
        {
          "type": "image",
          "assetId": "7MCO5hQbZ3tT",
          "checksum": "9a2bf7660c19f2c0d887c1e315bd8911"
        },
        {
          "type": "image",
          "assetId": "rt2a3MCM0U6h",
          "checksum": "f78ac465ca17964dd4a5caadfc052081"
        }
      ]
    }
  ],
  "cliVersion": "0.1.166"
}
